
Microsoft Visual Studio Solution File, Format Version 12.00
# Visual Studio Version 17
VisualStudioVersion = 17.11.35208.52
MinimumVisualStudioVersion = 10.0.40219.1
Project("{FAE04EC0-301F-11D3-BF4B-00C04F79EFBC}") = "httpclient", "httpclient\httpclient.csproj", "{79B7EDC3-EF92-46B1-8F23-2FD967933C0D}"
EndProject
Global
	GlobalSection(SolutionConfigurationPlatforms) = preSolution
		Debug|Any CPU = Debug|Any CPU
		Release|Any CPU = Release|Any CPU
	EndGlobalSection
	GlobalSection(ProjectConfigurationPlatforms) = postSolution
		{79B7EDC3-EF92-46B1-8F23-2FD967933C0D}.Debug|Any CPU.ActiveCfg = Debug|Any CPU
		{79B7EDC3-EF92-46B1-8F23-2FD967933C0D}.Debug|Any CPU.Build.0 = Debug|Any CPU
		{79B7EDC3-EF92-46B1-8F23-2FD967933C0D}.Release|Any CPU.ActiveCfg = Release|Any CPU
		{79B7EDC3-EF92-46B1-8F23-2FD967933C0D}.Release|Any CPU.Build.0 = Release|Any CPU
	EndGlobalSection
	GlobalSection(SolutionProperties) = preSolution
		HideSolutionNode = FALSE
	EndGlobalSection
	GlobalSection(ExtensibilityGlobals) = postSolution
		SolutionGuid = {2BBCFB7C-0C5E-42D3-9EB1-E958DEC92989}
	EndGlobalSection
EndGlobal
